// !$*UTF8*$!
{
	archiveVersion = 1;
	classes = {
	};
	objectVersion = 51;
	objects = {

/* Begin PBXBuildFile section */
		4447430B254AFF9000FA8FF0 /* GoogleService-Info.plist in Resources */ = {isa = PBXBuildFile; fileRef = 4447430A254AFF8F00FA8FF0 /* GoogleService-Info.plist */; };
		447553A321AE3BAF009F1968 /* AppDelegate.swift in Sources */ = {isa = PBXBuildFile; fileRef = 447553A221AE3BAF009F1968 /* AppDelegate.swift */; };
		447553A521AE3BAF009F1968 /* ViewController.swift in Sources */ = {isa = PBXBuildFile; fileRef = 447553A421AE3BAF009F1968 /* ViewController.swift */; };
		447553A821AE3BAF009F1968 /* Main.storyboard in Resources */ = {isa = PBXBuildFile; fileRef = 447553A621AE3BAF009F1968 /* Main.storyboard */; };
		447553AA21AE3BB1009F1968 /* Assets.xcassets in Resources */ = {isa = PBXBuildFile; fileRef = 447553A921AE3BB1009F1968 /* Assets.xcassets */; };
		447553AD21AE3BB1009F1968 /* LaunchScreen.storyboard in Resources */ = {isa = PBXBuildFile; fileRef = 447553AB21AE3BB1009F1968 /* LaunchScreen.storyboard */; };
		447553B821AE3BB2009F1968 /* fdlsandboxTests.swift in Sources */ = {isa = PBXBuildFile; fileRef = 447553B721AE3BB2009F1968 /* fdlsandboxTests.swift */; };
		447553C321AE3BB2009F1968 /* fdlsandboxUITests.swift in Sources */ = {isa = PBXBuildFile; fileRef = 447553C221AE3BB2009F1968 /* fdlsandboxUITests.swift */; };
		64D25AFB84983E2179C89CBF /* Pods_fdlsandbox_fdlsandboxUITests.framework in Frameworks */ = {isa = PBXBuildFile; fileRef = 29AECB9A823C93703B5F449D /* Pods_fdlsandbox_fdlsandboxUITests.framework */; };
		864F1DEA0B3B1927E7D7D4BB /* Pods_fdlsandboxTests.framework in Frameworks */ = {isa = PBXBuildFile; fileRef = CA61C63F35322EEDB544484C /* Pods_fdlsandboxTests.framework */; };
		901EFE01036C01E4963E2533 /* Pods_fdlsandbox.framework in Frameworks */ = {isa = PBXBuildFile; fileRef = E8C2A856908886252A76DE4F /* Pods_fdlsandbox.framework */; };
/* End PBXBuildFile section */

/* Begin PBXContainerItemProxy section */
		447553B421AE3BB2009F1968 /* PBXContainerItemProxy */ = {
			isa = PBXContainerItemProxy;
			containerPortal = 4475539721AE3BAF009F1968 /* Project object */;
			proxyType = 1;
			remoteGlobalIDString = 4475539E21AE3BAF009F1968;
			remoteInfo = fdlsandbox;
		};
		447553BF21AE3BB2009F1968 /* PBXContainerItemProxy */ = {
			isa = PBXContainerItemProxy;
			containerPortal = 4475539721AE3BAF009F1968 /* Project object */;
			proxyType = 1;
			remoteGlobalIDString = 4475539E21AE3BAF009F1968;
			remoteInfo = fdlsandbox;
		};
/* End PBXContainerItemProxy section */

/* Begin PBXFileReference section */
		0A42792FE2D8FF78DCA110B6 /* Pods-fdlsandbox.debug.xcconfig */ = {isa = PBXFileReference; includeInIndex = 1; lastKnownFileType = text.xcconfig; name = "Pods-fdlsandbox.debug.xcconfig"; path = "Target Support Files/Pods-fdlsandbox/Pods-fdlsandbox.debug.xcconfig"; sourceTree = "<group>"; };
		120612CBA587F37743B56695 /* Pods-fdlsandbox-fdlsandboxUITests.release.xcconfig */ = {isa = PBXFileReference; includeInIndex = 1; lastKnownFileType = text.xcconfig; name = "Pods-fdlsandbox-fdlsandboxUITests.release.xcconfig"; path = "Target Support Files/Pods-fdlsandbox-fdlsandboxUITests/Pods-fdlsandbox-fdlsandboxUITests.release.xcconfig"; sourceTree = "<group>"; };
		2407F2F494BAA2A3253CCBF9 /* Pods-fdlsandboxTests.debug.xcconfig */ = {isa = PBXFileReference; includeInIndex = 1; lastKnownFileType = text.xcconfig; name = "Pods-fdlsandboxTests.debug.xcconfig"; path = "Target Support Files/Pods-fdlsandboxTests/Pods-fdlsandboxTests.debug.xcconfig"; sourceTree = "<group>"; };
		29AECB9A823C93703B5F449D /* Pods_fdlsandbox_fdlsandboxUITests.framework */ = {isa = PBXFileReference; explicitFileType = wrapper.framework; includeInIndex = 0; path = Pods_fdlsandbox_fdlsandboxUITests.framework; sourceTree = BUILT_PRODUCTS_DIR; };
		384BD07BF01DC11D6BB3037D /* Pods-fdlsandbox-fdlsandboxUITests.debug.xcconfig */ = {isa = PBXFileReference; includeInIndex = 1; lastKnownFileType = text.xcconfig; name = "Pods-fdlsandbox-fdlsandboxUITests.debug.xcconfig"; path = "Target Support Files/Pods-fdlsandbox-fdlsandboxUITests/Pods-fdlsandbox-fdlsandboxUITests.debug.xcconfig"; sourceTree = "<group>"; };
		4447430A254AFF8F00FA8FF0 /* GoogleService-Info.plist */ = {isa = PBXFileReference; fileEncoding = 4; lastKnownFileType = text.plist.xml; path = "GoogleService-Info.plist"; sourceTree = "<group>"; };
		44474327254B128100FA8FF0 /* fdlsandbox.entitlements */ = {isa = PBXFileReference; lastKnownFileType = text.plist.entitlements; path = fdlsandbox.entitlements; sourceTree = "<group>"; };
		4475539F21AE3BAF009F1968 /* fdlsandbox.app */ = {isa = PBXFileReference; explicitFileType = wrapper.application; includeInIndex = 0; path = fdlsandbox.app; sourceTree = BUILT_PRODUCTS_DIR; };
		447553A221AE3BAF009F1968 /* AppDelegate.swift */ = {isa = PBXFileReference; lastKnownFileType = sourcecode.swift; path = AppDelegate.swift; sourceTree = "<group>"; };
		447553A421AE3BAF009F1968 /* ViewController.swift */ = {isa = PBXFileReference; lastKnownFileType = sourcecode.swift; path = ViewController.swift; sourceTree = "<group>"; };
		447553A721AE3BAF009F1968 /* Base */ = {isa = PBXFileReference; lastKnownFileType = file.storyboard; name = Base; path = Base.lproj/Main.storyboard; sourceTree = "<group>"; };
		447553A921AE3BB1009F1968 /* Assets.xcassets */ = {isa = PBXFileReference; lastKnownFileType = folder.assetcatalog; path = Assets.xcassets; sourceTree = "<group>"; };
		447553AC21AE3BB1009F1968 /* Base */ = {isa = PBXFileReference; lastKnownFileType = file.storyboard; name = Base; path = Base.lproj/LaunchScreen.storyboard; sourceTree = "<group>"; };
		447553AE21AE3BB1009F1968 /* Info.plist */ = {isa = PBXFileReference; lastKnownFileType = text.plist.xml; path = Info.plist; sourceTree = "<group>"; };
		447553B321AE3BB2009F1968 /* fdlsandboxTests.xctest */ = {isa = PBXFileReference; explicitFileType = wrapper.cfbundle; includeInIndex = 0; path = fdlsandboxTests.xctest; sourceTree = BUILT_PRODUCTS_DIR; };
		447553B721AE3BB2009F1968 /* fdlsandboxTests.swift */ = {isa = PBXFileReference; lastKnownFileType = sourcecode.swift; path = fdlsandboxTests.swift; sourceTree = "<group>"; };
		447553B921AE3BB2009F1968 /* Info.plist */ = {isa = PBXFileReference; lastKnownFileType = text.plist.xml; path = Info.plist; sourceTree = "<group>"; };
		447553BE21AE3BB2009F1968 /* fdlsandboxUITests.xctest */ = {isa = PBXFileReference; explicitFileType = wrapper.cfbundle; includeInIndex = 0; path = fdlsandboxUITests.xctest; sourceTree = BUILT_PRODUCTS_DIR; };
		447553C221AE3BB2009F1968 /* fdlsandboxUITests.swift */ = {isa = PBXFileReference; lastKnownFileType = sourcecode.swift; path = fdlsandboxUITests.swift; sourceTree = "<group>"; };
		447553C421AE3BB2009F1968 /* Info.plist */ = {isa = PBXFileReference; lastKnownFileType = text.plist.xml; path = Info.plist; sourceTree = "<group>"; };
		4BFDCBD1D1B68E72CE512908 /* Pods-fdlsandbox.release.xcconfig */ = {isa = PBXFileReference; includeInIndex = 1; lastKnownFileType = text.xcconfig; name = "Pods-fdlsandbox.release.xcconfig"; path = "Target Support Files/Pods-fdlsandbox/Pods-fdlsandbox.release.xcconfig"; sourceTree = "<group>"; };
		CA61C63F35322EEDB544484C /* Pods_fdlsandboxTests.framework */ = {isa = PBXFileReference; explicitFileType = wrapper.framework; includeInIndex = 0; path = Pods_fdlsandboxTests.framework; sourceTree = BUILT_PRODUCTS_DIR; };
		E6904D57F845B73883417641 /* Pods-fdlsandboxTests.release.xcconfig */ = {isa = PBXFileReference; includeInIndex = 1; lastKnownFileType = text.xcconfig; name = "Pods-fdlsandboxTests.release.xcconfig"; path = "Target Support Files/Pods-fdlsandboxTests/Pods-fdlsandboxTests.release.xcconfig"; sourceTree = "<group>"; };
		E8C2A856908886252A76DE4F /* Pods_fdlsandbox.framework */ = {isa = PBXFileReference; explicitFileType = wrapper.framework; includeInIndex = 0; path = Pods_fdlsandbox.framework; sourceTree = BUILT_PRODUCTS_DIR; };
/* End PBXFileReference section */

/* Begin PBXFrameworksBuildPhase section */
		4475539C21AE3BAF009F1968 /* Frameworks */ = {
			isa = PBXFrameworksBuildPhase;
			buildActionMask = 2147483647;
			files = (
				901EFE01036C01E4963E2533 /* Pods_fdlsandbox.framework in Frameworks */,
			);
			runOnlyForDeploymentPostprocessing = 0;
		};
		447553B021AE3BB2009F1968 /* Frameworks */ = {
			isa = PBXFrameworksBuildPhase;
			buildActionMask = 2147483647;
			files = (
				864F1DEA0B3B1927E7D7D4BB /* Pods_fdlsandboxTests.framework in Frameworks */,
			);
			runOnlyForDeploymentPostprocessing = 0;
		};
		447553BB21AE3BB2009F1968 /* Frameworks */ = {
			isa = PBXFrameworksBuildPhase;
			buildActionMask = 2147483647;
			files = (
				64D25AFB84983E2179C89CBF /* Pods_fdlsandbox_fdlsandboxUITests.framework in Frameworks */,
			);
			runOnlyForDeploymentPostprocessing = 0;
		};
/* End PBXFrameworksBuildPhase section */

/* Begin PBXGroup section */
		4475539621AE3BAF009F1968 = {
			isa = PBXGroup;
			children = (
				4447430A254AFF8F00FA8FF0 /* GoogleService-Info.plist */,
				447553A121AE3BAF009F1968 /* fdlsandbox */,
				447553B621AE3BB2009F1968 /* fdlsandboxTests */,
				447553C121AE3BB2009F1968 /* fdlsandboxUITests */,
				447553A021AE3BAF009F1968 /* Products */,
				FAF0821FE48060807638BFE1 /* Pods */,
				B316930420B79FBF330DCFEC /* Frameworks */,
			);
			sourceTree = "<group>";
		};
		447553A021AE3BAF009F1968 /* Products */ = {
			isa = PBXGroup;
			children = (
				4475539F21AE3BAF009F1968 /* fdlsandbox.app */,
				447553B321AE3BB2009F1968 /* fdlsandboxTests.xctest */,
				447553BE21AE3BB2009F1968 /* fdlsandboxUITests.xctest */,
			);
			name = Products;
			sourceTree = "<group>";
		};
		447553A121AE3BAF009F1968 /* fdlsandbox */ = {
			isa = PBXGroup;
			children = (
				44474327254B128100FA8FF0 /* fdlsandbox.entitlements */,
				447553A221AE3BAF009F1968 /* AppDelegate.swift */,
				447553A421AE3BAF009F1968 /* ViewController.swift */,
				447553A621AE3BAF009F1968 /* Main.storyboard */,
				447553A921AE3BB1009F1968 /* Assets.xcassets */,
				447553AB21AE3BB1009F1968 /* LaunchScreen.storyboard */,
				447553AE21AE3BB1009F1968 /* Info.plist */,
			);
			path = fdlsandbox;
			sourceTree = "<group>";
		};
		447553B621AE3BB2009F1968 /* fdlsandboxTests */ = {
			isa = PBXGroup;
			children = (
				447553B721AE3BB2009F1968 /* fdlsandboxTests.swift */,
				447553B921AE3BB2009F1968 /* Info.plist */,
			);
			path = fdlsandboxTests;
			sourceTree = "<group>";
		};
		447553C121AE3BB2009F1968 /* fdlsandboxUITests */ = {
			isa = PBXGroup;
			children = (
				447553C221AE3BB2009F1968 /* fdlsandboxUITests.swift */,
				447553C421AE3BB2009F1968 /* Info.plist */,
			);
			path = fdlsandboxUITests;
			sourceTree = "<group>";
		};
		B316930420B79FBF330DCFEC /* Frameworks */ = {
			isa = PBXGroup;
			children = (
				E8C2A856908886252A76DE4F /* Pods_fdlsandbox.framework */,
				29AECB9A823C93703B5F449D /* Pods_fdlsandbox_fdlsandboxUITests.framework */,
				CA61C63F35322EEDB544484C /* Pods_fdlsandboxTests.framework */,
			);
			name = Frameworks;
			sourceTree = "<group>";
		};
		FAF0821FE48060807638BFE1 /* Pods */ = {
			isa = PBXGroup;
			children = (
				0A42792FE2D8FF78DCA110B6 /* Pods-fdlsandbox.debug.xcconfig */,
				4BFDCBD1D1B68E72CE512908 /* Pods-fdlsandbox.release.xcconfig */,
				384BD07BF01DC11D6BB3037D /* Pods-fdlsandbox-fdlsandboxUITests.debug.xcconfig */,
				120612CBA587F37743B56695 /* Pods-fdlsandbox-fdlsandboxUITests.release.xcconfig */,
				2407F2F494BAA2A3253CCBF9 /* Pods-fdlsandboxTests.debug.xcconfig */,
				E6904D57F845B73883417641 /* Pods-fdlsandboxTests.release.xcconfig */,
			);
			path = Pods;
			sourceTree = "<group>";
		};
/* End PBXGroup section */

/* Begin PBXNativeTarget section */
		4475539E21AE3BAF009F1968 /* fdlsandbox */ = {
			isa = PBXNativeTarget;
			buildConfigurationList = 447553C721AE3BB2009F1968 /* Build configuration list for PBXNativeTarget "fdlsandbox" */;
			buildPhases = (
				7D2F4F036215D7FF8B5FDC26 /* [CP] Check Pods Manifest.lock */,
				4475539B21AE3BAF009F1968 /* Sources */,
				4475539C21AE3BAF009F1968 /* Frameworks */,
				4475539D21AE3BAF009F1968 /* Resources */,
				7E34430CE2FD06E29BB20817 /* [CP] Embed Pods Frameworks */,
			);
			buildRules = (
			);
			dependencies = (
			);
			name = fdlsandbox;
			productName = fdlsandbox;
			productReference = 4475539F21AE3BAF009F1968 /* fdlsandbox.app */;
			productType = "com.apple.product-type.application";
		};
		447553B221AE3BB2009F1968 /* fdlsandboxTests */ = {
			isa = PBXNativeTarget;
			buildConfigurationList = 447553CA21AE3BB2009F1968 /* Build configuration list for PBXNativeTarget "fdlsandboxTests" */;
			buildPhases = (
				D4785C7F4E8AB83D17DA4956 /* [CP] Check Pods Manifest.lock */,
				447553AF21AE3BB2009F1968 /* Sources */,
				447553B021AE3BB2009F1968 /* Frameworks */,
				447553B121AE3BB2009F1968 /* Resources */,
			);
			buildRules = (
			);
			dependencies = (
				447553B521AE3BB2009F1968 /* PBXTargetDependency */,
			);
			name = fdlsandboxTests;
			productName = fdlsandboxTests;
			productReference = 447553B321AE3BB2009F1968 /* fdlsandboxTests.xctest */;
			productType = "com.apple.product-type.bundle.unit-test";
		};
		447553BD21AE3BB2009F1968 /* fdlsandboxUITests */ = {
			isa = PBXNativeTarget;
			buildConfigurationList = 447553CD21AE3BB2009F1968 /* Build configuration list for PBXNativeTarget "fdlsandboxUITests" */;
			buildPhases = (
				F2E4B63341F4756C4FD15F56 /* [CP] Check Pods Manifest.lock */,
				447553BA21AE3BB2009F1968 /* Sources */,
				447553BB21AE3BB2009F1968 /* Frameworks */,
				447553BC21AE3BB2009F1968 /* Resources */,
				E9043AE3613EC3A2FAC4D747 /* [CP] Embed Pods Frameworks */,
			);
			buildRules = (
			);
			dependencies = (
				447553C021AE3BB2009F1968 /* PBXTargetDependency */,
			);
			name = fdlsandboxUITests;
			productName = fdlsandboxUITests;
			productReference = 447553BE21AE3BB2009F1968 /* fdlsandboxUITests.xctest */;
			productType = "com.apple.product-type.bundle.ui-testing";
		};
/* End PBXNativeTarget section */

/* Begin PBXProject section */
		4475539721AE3BAF009F1968 /* Project object */ = {
			isa = PBXProject;
			attributes = {
				LastSwiftUpdateCheck = 1000;
				LastUpgradeCheck = 1000;
				ORGANIZATIONNAME = "Omar Matthe Reyes";
				TargetAttributes = {
					4475539E21AE3BAF009F1968 = {
						CreatedOnToolsVersion = 10.0;
						LastSwiftMigration = 1200;
					};
					447553B221AE3BB2009F1968 = {
						CreatedOnToolsVersion = 10.0;
						LastSwiftMigration = 1200;
						TestTargetID = 4475539E21AE3BAF009F1968;
					};
					447553BD21AE3BB2009F1968 = {
						CreatedOnToolsVersion = 10.0;
						LastSwiftMigration = 1200;
						TestTargetID = 4475539E21AE3BAF009F1968;
					};
				};
			};
			buildConfigurationList = 4475539A21AE3BAF009F1968 /* Build configuration list for PBXProject "fdlsandbox" */;
			compatibilityVersion = "Xcode 9.3";
			developmentRegion = en;
			hasScannedForEncodings = 0;
			knownRegions = (
				en,
				Base,
			);
			mainGroup = 4475539621AE3BAF009F1968;
			productRefGroup = 447553A021AE3BAF009F1968 /* Products */;
			projectDirPath = "";
			projectRoot = "";
			targets = (
				4475539E21AE3BAF009F1968 /* fdlsandbox */,
				447553B221AE3BB2009F1968 /* fdlsandboxTests */,
				447553BD21AE3BB2009F1968 /* fdlsandboxUITests */,
			);
		};
/* End PBXProject section */

/* Begin PBXResourcesBuildPhase section */
		4475539D21AE3BAF009F1968 /* Resources */ = {
			isa = PBXResourcesBuildPhase;
			buildActionMask = 2147483647;
			files = (
				447553AD21AE3BB1009F1968 /* LaunchScreen.storyboard in Resources */,
				4447430B254AFF9000FA8FF0 /* GoogleService-Info.plist in Resources */,
				447553AA21AE3BB1009F1968 /* Assets.xcassets in Resources */,
				447553A821AE3BAF009F1968 /* Main.storyboard in Resources */,
			);
			runOnlyForDeploymentPostprocessing = 0;
		};
		447553B121AE3BB2009F1968 /* Resources */ = {
			isa = PBXResourcesBuildPhase;
			buildActionMask = 2147483647;
			files = (
			);
			runOnlyForDeploymentPostprocessing = 0;
		};
		447553BC21AE3BB2009F1968 /* Resources */ = {
			isa = PBXResourcesBuildPhase;
			buildActionMask = 2147483647;
			files = (
			);
			runOnlyForDeploymentPostprocessing = 0;
		};
/* End PBXResourcesBuildPhase section */

/* Begin PBXShellScriptBuildPhase section */
		7D2F4F036215D7FF8B5FDC26 /* [CP] Check Pods Manifest.lock */ = {
			isa = PBXShellScriptBuildPhase;
			buildActionMask = 2147483647;
			files = (
			);
			inputFileListPaths = (
			);
			inputPaths = (
				"${PODS_PODFILE_DIR_PATH}/Podfile.lock",
				"${PODS_ROOT}/Manifest.lock",
			);
			name = "[CP] Check Pods Manifest.lock";
			outputFileListPaths = (
			);
			outputPaths = (
				"$(DERIVED_FILE_DIR)/Pods-fdlsandbox-checkManifestLockResult.txt",
			);
			runOnlyForDeploymentPostprocessing = 0;
			shellPath = /bin/sh;
			shellScript = "diff \"${PODS_PODFILE_DIR_PATH}/Podfile.lock\" \"${PODS_ROOT}/Manifest.lock\" > /dev/null\nif [ $? != 0 ] ; then\n    # print error to STDERR\n    echo \"error: The sandbox is not in sync with the Podfile.lock. Run 'pod install' or update your CocoaPods installation.\" >&2\n    exit 1\nfi\n# This output is used by Xcode 'outputs' to avoid re-running this script phase.\necho \"SUCCESS\" > \"${SCRIPT_OUTPUT_FILE_0}\"\n";
			showEnvVarsInLog = 0;
		};
		7E34430CE2FD06E29BB20817 /* [CP] Embed Pods Frameworks */ = {
			isa = PBXShellScriptBuildPhase;
			buildActionMask = 2147483647;
			files = (
			);
			inputFileListPaths = (
				"${PODS_ROOT}/Target Support Files/Pods-fdlsandbox/Pods-fdlsandbox-frameworks-${CONFIGURATION}-input-files.xcfilelist",
			);
			name = "[CP] Embed Pods Frameworks";
			outputFileListPaths = (
				"${PODS_ROOT}/Target Support Files/Pods-fdlsandbox/Pods-fdlsandbox-frameworks-${CONFIGURATION}-output-files.xcfilelist",
			);
			runOnlyForDeploymentPostprocessing = 0;
			shellPath = /bin/sh;
			shellScript = "\"${PODS_ROOT}/Target Support Files/Pods-fdlsandbox/Pods-fdlsandbox-frameworks.sh\"\n";
			showEnvVarsInLog = 0;
		};
		D4785C7F4E8AB83D17DA4956 /* [CP] Check Pods Manifest.lock */ = {
			isa = PBXShellScriptBuildPhase;
			buildActionMask = 2147483647;
			files = (
			);
			inputFileListPaths = (
			);
			inputPaths = (
				"${PODS_PODFILE_DIR_PATH}/Podfile.lock",
				"${PODS_ROOT}/Manifest.lock",
			);
			name = "[CP] Check Pods Manifest.lock";
			outputFileListPaths = (
			);
			outputPaths = (
				"$(DERIVED_FILE_DIR)/Pods-fdlsandboxTests-checkManifestLockResult.txt",
			);
			runOnlyForDeploymentPostprocessing = 0;
			shellPath = /bin/sh;
			shellScript = "diff \"${PODS_PODFILE_DIR_PATH}/Podfile.lock\" \"${PODS_ROOT}/Manifest.lock\" > /dev/null\nif [ $? != 0 ] ; then\n    # print error to STDERR\n    echo \"error: The sandbox is not in sync with the Podfile.lock. Run 'pod install' or update your CocoaPods installation.\" >&2\n    exit 1\nfi\n# This output is used by Xcode 'outputs' to avoid re-running this script phase.\necho \"SUCCESS\" > \"${SCRIPT_OUTPUT_FILE_0}\"\n";
			showEnvVarsInLog = 0;
		};
		E9043AE3613EC3A2FAC4D747 /* [CP] Embed Pods Frameworks */ = {
			isa = PBXShellScriptBuildPhase;
			buildActionMask = 2147483647;
			files = (
			);
			inputFileListPaths = (
				"${PODS_ROOT}/Target Support Files/Pods-fdlsandbox-fdlsandboxUITests/Pods-fdlsandbox-fdlsandboxUITests-frameworks-${CONFIGURATION}-input-files.xcfilelist",
			);
			name = "[CP] Embed Pods Frameworks";
			outputFileListPaths = (
				"${PODS_ROOT}/Target Support Files/Pods-fdlsandbox-fdlsandboxUITests/Pods-fdlsandbox-fdlsandboxUITests-frameworks-${CONFIGURATION}-output-files.xcfilelist",
			);
			runOnlyForDeploymentPostprocessing = 0;
			shellPath = /bin/sh;
			shellScript = "\"${PODS_ROOT}/Target Support Files/Pods-fdlsandbox-fdlsandboxUITests/Pods-fdlsandbox-fdlsandboxUITests-frameworks.sh\"\n";
			showEnvVarsInLog = 0;
		};
		F2E4B63341F4756C4FD15F56 /* [CP] Check Pods Manifest.lock */ = {
			isa = PBXShellScriptBuildPhase;
			buildActionMask = 2147483647;
			files = (
			);
			inputFileListPaths = (
			);
			inputPaths = (
				"${PODS_PODFILE_DIR_PATH}/Podfile.lock",
				"${PODS_ROOT}/Manifest.lock",
			);
			name = "[CP] Check Pods Manifest.lock";
			outputFileListPaths = (
			);
			outputPaths = (
				"$(DERIVED_FILE_DIR)/Pods-fdlsandbox-fdlsandboxUITests-checkManifestLockResult.txt",
			);
			runOnlyForDeploymentPostprocessing = 0;
			shellPath = /bin/sh;
			shellScript = "diff \"${PODS_PODFILE_DIR_PATH}/Podfile.lock\" \"${PODS_ROOT}/Manifest.lock\" > /dev/null\nif [ $? != 0 ] ; then\n    # print error to STDERR\n    echo \"error: The sandbox is not in sync with the Podfile.lock. Run 'pod install' or update your CocoaPods installation.\" >&2\n    exit 1\nfi\n# This output is used by Xcode 'outputs' to avoid re-running this script phase.\necho \"SUCCESS\" > \"${SCRIPT_OUTPUT_FILE_0}\"\n";
			showEnvVarsInLog = 0;
		};
/* End PBXShellScriptBuildPhase section */

/* Begin PBXSourcesBuildPhase section */
		4475539B21AE3BAF009F1968 /* Sources */ = {
			isa = PBXSourcesBuildPhase;
			buildActionMask = 2147483647;
			files = (
				447553A521AE3BAF009F1968 /* ViewController.swift in Sources */,
				447553A321AE3BAF009F1968 /* AppDelegate.swift in Sources */,
			);
			runOnlyForDeploymentPostprocessing = 0;
		};
		447553AF21AE3BB2009F1968 /* Sources */ = {
			isa = PBXSourcesBuildPhase;
			buildActionMask = 2147483647;
			files = (
				447553B821AE3BB2009F1968 /* fdlsandboxTests.swift in Sources */,
			);
			runOnlyForDeploymentPostprocessing = 0;
		};
		447553BA21AE3BB2009F1968 /* Sources */ = {
			isa = PBXSourcesBuildPhase;
			buildActionMask = 2147483647;
			files = (
				447553C321AE3BB2009F1968 /* fdlsandboxUITests.swift in Sources */,
			);
			runOnlyForDeploymentPostprocessing = 0;
		};
/* End PBXSourcesBuildPhase section */

/* Begin PBXTargetDependency section */
		447553B521AE3BB2009F1968 /* PBXTargetDependency */ = {
			isa = PBXTargetDependency;
			target = 4475539E21AE3BAF009F1968 /* fdlsandbox */;
			targetProxy = 447553B421AE3BB2009F1968 /* PBXContainerItemProxy */;
		};
		447553C021AE3BB2009F1968 /* PBXTargetDependency */ = {
			isa = PBXTargetDependency;
			target = 4475539E21AE3BAF009F1968 /* fdlsandbox */;
			targetProxy = 447553BF21AE3BB2009F1968 /* PBXContainerItemProxy */;
		};
/* End PBXTargetDependency section */

/* Begin PBXVariantGroup section */
		447553A621AE3BAF009F1968 /* Main.storyboard */ = {
			isa = PBXVariantGroup;
			children = (
				447553A721AE3BAF009F1968 /* Base */,
			);
			name = Main.storyboard;
			sourceTree = "<group>";
		};
		447553AB21AE3BB1009F1968 /* LaunchScreen.storyboard */ = {
			isa = PBXVariantGroup;
			children = (
				447553AC21AE3BB1009F1968 /* Base */,
			);
			name = LaunchScreen.storyboard;
			sourceTree = "<group>";
		};
/* End PBXVariantGroup section */

/* Begin XCBuildConfiguration section */
		447553C521AE3BB2009F1968 /* Debug */ = {
			isa = XCBuildConfiguration;
			buildSettings = {
				ALWAYS_SEARCH_USER_PATHS = NO;
				CLANG_ANALYZER_NONNULL = YES;
				CLANG_ANALYZER_NUMBER_OBJECT_CONVERSION = YES_AGGRESSIVE;
				CLANG_CXX_LANGUAGE_STANDARD = "gnu++14";
				CLANG_CXX_LIBRARY = "libc++";
				CLANG_ENABLE_MODULES = YES;
				CLANG_ENABLE_OBJC_ARC = YES;
				CLANG_ENABLE_OBJC_WEAK = YES;
				CLANG_WARN_BLOCK_CAPTURE_AUTORELEASING = YES;
				CLANG_WARN_BOOL_CONVERSION = YES;
				CLANG_WARN_COMMA = YES;
				CLANG_WARN_CONSTANT_CONVERSION = YES;
				CLANG_WARN_DEPRECATED_OBJC_IMPLEMENTATIONS = YES;
				CLANG_WARN_DIRECT_OBJC_ISA_USAGE = YES_ERROR;
				CLANG_WARN_DOCUMENTATION_COMMENTS = YES;
				CLANG_WARN_EMPTY_BODY = YES;
				CLANG_WARN_ENUM_CONVERSION = YES;
				CLANG_WARN_INFINITE_RECURSION = YES;
				CLANG_WARN_INT_CONVERSION = YES;
				CLANG_WARN_NON_LITERAL_NULL_CONVERSION = YES;
				CLANG_WARN_OBJC_IMPLICIT_RETAIN_SELF = YES;
				CLANG_WARN_OBJC_LITERAL_CONVERSION = YES;
				CLANG_WARN_OBJC_ROOT_CLASS = YES_ERROR;
				CLANG_WARN_RANGE_LOOP_ANALYSIS = YES;
				CLANG_WARN_STRICT_PROTOTYPES = YES;
				CLANG_WARN_SUSPICIOUS_MOVE = YES;
				CLANG_WARN_UNGUARDED_AVAILABILITY = YES_AGGRESSIVE;
				CLANG_WARN_UNREACHABLE_CODE = YES;
				CLANG_WARN__DUPLICATE_METHOD_MATCH = YES;
				CODE_SIGN_IDENTITY = "iPhone Developer";
				COPY_PHASE_STRIP = NO;
				DEBUG_INFORMATION_FORMAT = dwarf;
				ENABLE_STRICT_OBJC_MSGSEND = YES;
				ENABLE_TESTABILITY = YES;
				GCC_C_LANGUAGE_STANDARD = gnu11;
				GCC_DYNAMIC_NO_PIC = NO;
				GCC_NO_COMMON_BLOCKS = YES;
				GCC_OPTIMIZATION_LEVEL = 0;
				GCC_PREPROCESSOR_DEFINITIONS = (
					"DEBUG=1",
					"$(inherited)",
				);
				GCC_WARN_64_TO_32_BIT_CONVERSION = YES;
				GCC_WARN_ABOUT_RETURN_TYPE = YES_ERROR;
				GCC_WARN_UNDECLARED_SELECTOR = YES;
				GCC_WARN_UNINITIALIZED_AUTOS = YES_AGGRESSIVE;
				GCC_WARN_UNUSED_FUNCTION = YES;
				GCC_WARN_UNUSED_VARIABLE = YES;
				IPHONEOS_DEPLOYMENT_TARGET = 12.0;
				MTL_ENABLE_DEBUG_INFO = INCLUDE_SOURCE;
				MTL_FAST_MATH = YES;
				ONLY_ACTIVE_ARCH = YES;
				SDKROOT = iphoneos;
				SWIFT_ACTIVE_COMPILATION_CONDITIONS = DEBUG;
				SWIFT_OPTIMIZATION_LEVEL = "-Onone";
			};
			name = Debug;
		};
		447553C621AE3BB2009F1968 /* Release */ = {
			isa = XCBuildConfiguration;
			buildSettings = {
				ALWAYS_SEARCH_USER_PATHS = NO;
				CLANG_ANALYZER_NONNULL = YES;
				CLANG_ANALYZER_NUMBER_OBJECT_CONVERSION = YES_AGGRESSIVE;
				CLANG_CXX_LANGUAGE_STANDARD = "gnu++14";
				CLANG_CXX_LIBRARY = "libc++";
				CLANG_ENABLE_MODULES = YES;
				CLANG_ENABLE_OBJC_ARC = YES;
				CLANG_ENABLE_OBJC_WEAK = YES;
				CLANG_WARN_BLOCK_CAPTURE_AUTORELEASING = YES;
				CLANG_WARN_BOOL_CONVERSION = YES;
				CLANG_WARN_COMMA = YES;
				CLANG_WARN_CONSTANT_CONVERSION = YES;
				CLANG_WARN_DEPRECATED_OBJC_IMPLEMENTATIONS = YES;
				CLANG_WARN_DIRECT_OBJC_ISA_USAGE = YES_ERROR;
				CLANG_WARN_DOCUMENTATION_COMMENTS = YES;
				CLANG_WARN_EMPTY_BODY = YES;
				CLANG_WARN_ENUM_CONVERSION = YES;
				CLANG_WARN_INFINITE_RECURSION = YES;
				CLANG_WARN_INT_CONVERSION = YES;
				CLANG_WARN_NON_LITERAL_NULL_CONVERSION = YES;
				CLANG_WARN_OBJC_IMPLICIT_RETAIN_SELF = YES;
				CLANG_WARN_OBJC_LITERAL_CONVERSION = YES;
				CLANG_WARN_OBJC_ROOT_CLASS = YES_ERROR;
				CLANG_WARN_RANGE_LOOP_ANALYSIS = YES;
				CLANG_WARN_STRICT_PROTOTYPES = YES;
				CLANG_WARN_SUSPICIOUS_MOVE = YES;
				CLANG_WARN_UNGUARDED_AVAILABILITY = YES_AGGRESSIVE;
				CLANG_WARN_UNREACHABLE_CODE = YES;
				CLANG_WARN__DUPLICATE_METHOD_MATCH = YES;
				CODE_SIGN_IDENTITY = "iPhone Developer";
				COPY_PHASE_STRIP = NO;
				DEBUG_INFORMATION_FORMAT = "dwarf-with-dsym";
				ENABLE_NS_ASSERTIONS = NO;
				ENABLE_STRICT_OBJC_MSGSEND = YES;
				GCC_C_LANGUAGE_STANDARD = gnu11;
				GCC_NO_COMMON_BLOCKS = YES;
				GCC_WARN_64_TO_32_BIT_CONVERSION = YES;
				GCC_WARN_ABOUT_RETURN_TYPE = YES_ERROR;
				GCC_WARN_UNDECLARED_SELECTOR = YES;
				GCC_WARN_UNINITIALIZED_AUTOS = YES_AGGRESSIVE;
				GCC_WARN_UNUSED_FUNCTION = YES;
				GCC_WARN_UNUSED_VARIABLE = YES;
				IPHONEOS_DEPLOYMENT_TARGET = 12.0;
				MTL_ENABLE_DEBUG_INFO = NO;
				MTL_FAST_MATH = YES;
				SDKROOT = iphoneos;
				SWIFT_COMPILATION_MODE = wholemodule;
				SWIFT_OPTIMIZATION_LEVEL = "-O";
				VALIDATE_PRODUCT = YES;
			};
			name = Release;
		};
		447553C821AE3BB2009F1968 /* Debug */ = {
			isa = XCBuildConfiguration;
			baseConfigurationReference = 0A42792FE2D8FF78DCA110B6 /* Pods-fdlsandbox.debug.xcconfig */;
			buildSettings = {
				ASSETCATALOG_COMPILER_APPICON_NAME = AppIcon;
				CODE_SIGN_ENTITLEMENTS = fdlsandbox/fdlsandbox.entitlements;
				CODE_SIGN_IDENTITY = "Apple Development";
				CODE_SIGN_STYLE = Automatic;
				DEVELOPMENT_TEAM = "";
				INFOPLIST_FILE = fdlsandbox/Info.plist;
				LD_RUNPATH_SEARCH_PATHS = (
					"$(inherited)",
					"@executable_path/Frameworks",
				);
				PRODUCT_BUNDLE_IDENTIFIER = com.omatt.fdlsandbox;
				PRODUCT_NAME = "$(TARGET_NAME)";
				PROVISIONING_PROFILE_SPECIFIER = "";
				SWIFT_VERSION = 5.0;
				TARGETED_DEVICE_FAMILY = "1,2";
			};
			name = Debug;
		};
		447553C921AE3BB2009F1968 /* Release */ = {
			isa = XCBuildConfiguration;
			baseConfigurationReference = 4BFDCBD1D1B68E72CE512908 /* Pods-fdlsandbox.release.xcconfig */;
			buildSettings = {
				ASSETCATALOG_COMPILER_APPICON_NAME = AppIcon;
				CODE_SIGN_ENTITLEMENTS = fdlsandbox/fdlsandbox.entitlements;
				CODE_SIGN_IDENTITY = "Apple Development";
				CODE_SIGN_STYLE = Automatic;
				DEVELOPMENT_TEAM = "";
				INFOPLIST_FILE = fdlsandbox/Info.plist;
				LD_RUNPATH_SEARCH_PATHS = (
					"$(inherited)",
					"@executable_path/Frameworks",
				);
				PRODUCT_BUNDLE_IDENTIFIER = com.omatt.fdlsandbox;
				PRODUCT_NAME = "$(TARGET_NAME)";
				PROVISIONING_PROFILE_SPECIFIER = "";
				SWIFT_VERSION = 5.0;
				TARGETED_DEVICE_FAMILY = "1,2";
			};
			name = Release;
		};
		447553CB21AE3BB2009F1968 /* Debug */ = {
			isa = XCBuildConfiguration;
			baseConfigurationReference = 2407F2F494BAA2A3253CCBF9 /* Pods-fdlsandboxTests.debug.xcconfig */;
			buildSettings = {
				ALWAYS_EMBED_SWIFT_STANDARD_LIBRARIES = YES;
				BUNDLE_LOADER = "$(TEST_HOST)";
				CODE_SIGN_STYLE = Automatic;
				INFOPLIST_FILE = fdlsandboxTests/Info.plist;
				LD_RUNPATH_SEARCH_PATHS = (
					"$(inherited)",
					"@executable_path/Frameworks",
					"@loader_path/Frameworks",
				);
				PRODUCT_BUNDLE_IDENTIFIER = com.omatt.fdlsandboxTests;
				PRODUCT_NAME = "$(TARGET_NAME)";
				SWIFT_VERSION = 5.0;
				TARGETED_DEVICE_FAMILY = "1,2";
				TEST_HOST = "$(BUILT_PRODUCTS_DIR)/fdlsandbox.app/fdlsandbox";
			};
			name = Debug;
		};
		447553CC21AE3BB2009F1968 /* Release */ = {
			isa = XCBuildConfiguration;
			baseConfigurationReference = E6904D57F845B73883417641 /* Pods-fdlsandboxTests.release.xcconfig */;
			buildSettings = {
				ALWAYS_EMBED_SWIFT_STANDARD_LIBRARIES = YES;
				BUNDLE_LOADER = "$(TEST_HOST)";
				CODE_SIGN_STYLE = Automatic;
				INFOPLIST_FILE = fdlsandboxTests/Info.plist;
				LD_RUNPATH_SEARCH_PATHS = (
					"$(inherited)",
					"@executable_path/Frameworks",
					"@loader_path/Frameworks",
				);
				PRODUCT_BUNDLE_IDENTIFIER = com.omatt.fdlsandboxTests;
				PRODUCT_NAME = "$(TARGET_NAME)";
				SWIFT_VERSION = 5.0;
				TARGETED_DEVICE_FAMILY = "1,2";
				TEST_HOST = "$(BUILT_PRODUCTS_DIR)/fdlsandbox.app/fdlsandbox";
			};
			name = Release;
		};
		447553CE21AE3BB2009F1968 /* Debug */ = {
			isa = XCBuildConfiguration;
			baseConfigurationReference = 384BD07BF01DC11D6BB3037D /* Pods-fdlsandbox-fdlsandboxUITests.debug.xcconfig */;
			buildSettings = {
				ALWAYS_EMBED_SWIFT_STANDARD_LIBRARIES = YES;
				CODE_SIGN_STYLE = Automatic;
				INFOPLIST_FILE = fdlsandboxUITests/Info.plist;
				LD_RUNPATH_SEARCH_PATHS = (
					"$(inherited)",
					"@executable_path/Frameworks",
					"@loader_path/Frameworks",
				);
				PRODUCT_BUNDLE_IDENTIFIER = com.omatt.fdlsandboxUITests;
				PRODUCT_NAME = "$(TARGET_NAME)";
				SWIFT_VERSION = 5.0;
				TARGETED_DEVICE_FAMILY = "1,2";
				TEST_TARGET_NAME = fdlsandbox;
			};
			name = Debug;
		};
		447553CF21AE3BB2009F1968 /* Release */ = {
			isa = XCBuildConfiguration;
			baseConfigurationReference = 120612CBA587F37743B56695 /* Pods-fdlsandbox-fdlsandboxUITests.release.xcconfig */;
			buildSettings = {
				ALWAYS_EMBED_SWIFT_STANDARD_LIBRARIES = YES;
				CODE_SIGN_STYLE = Automatic;
				INFOPLIST_FILE = fdlsandboxUITests/Info.plist;
				LD_RUNPATH_SEARCH_PATHS = (
					"$(inherited)",
					"@executable_path/Frameworks",
					"@loader_path/Frameworks",
				);
				PRODUCT_BUNDLE_IDENTIFIER = com.omatt.fdlsandboxUITests;
				PRODUCT_NAME = "$(TARGET_NAME)";
				SWIFT_VERSION = 5.0;
				TARGETED_DEVICE_FAMILY = "1,2";
				TEST_TARGET_NAME = fdlsandbox;
			};
			name = Release;
		};
/* End XCBuildConfiguration section */

/* Begin XCConfigurationList section */
		4475539A21AE3BAF009F1968 /* Build configuration list for PBXProject "fdlsandbox" */ = {
			isa = XCConfigurationList;
			buildConfigurations = (
				447553C521AE3BB2009F1968 /* Debug */,
				447553C621AE3BB2009F1968 /* Release */,
			);
			defaultConfigurationIsVisible = 0;
			defaultConfigurationName = Release;
		};
		447553C721AE3BB2009F1968 /* Build configuration list for PBXNativeTarget "fdlsandbox" */ = {
			isa = XCConfigurationList;
			buildConfigurations = (
				447553C821AE3BB2009F1968 /* Debug */,
				447553C921AE3BB2009F1968 /* Release */,
			);
			defaultConfigurationIsVisible = 0;
			defaultConfigurationName = Release;
		};
		447553CA21AE3BB2009F1968 /* Build configuration list for PBXNativeTarget "fdlsandboxTests" */ = {
			isa = XCConfigurationList;
			buildConfigurations = (
				447553CB21AE3BB2009F1968 /* Debug */,
				447553CC21AE3BB2009F1968 /* Release */,
			);
			defaultConfigurationIsVisible = 0;
			defaultConfigurationName = Release;
		};
		447553CD21AE3BB2009F1968 /* Build configuration list for PBXNativeTarget "fdlsandboxUITests" */ = {
			isa = XCConfigurationList;
			buildConfigurations = (
				447553CE21AE3BB2009F1968 /* Debug */,
				447553CF21AE3BB2009F1968 /* Release */,
			);
			defaultConfigurationIsVisible = 0;
			defaultConfigurationName = Release;
		};
/* End XCConfigurationList section */
	};
	rootObject = 4475539721AE3BAF009F1968 /* Project object */;
}
